schema: '2.0'
stages:
  default-train:
    cmd: python -m src.model.train default
    deps:
    - path: data/oxford-iiit-pet
      hash: md5
      md5: b2e5c7b30e71cc2adf71c663ba984a0f.dir
      size: 820951207
      nfiles: 25862
    - path: src/const.py
      hash: md5
      md5: ff763ad76b40d6ca6de5416c05b348b4
      size: 625
    - path: src/data/oxford_iiit_pet.py
      hash: md5
      md5: 4438abc00743c6c050ba284422442811
      size: 1784
    - path: src/model/arch.py
      hash: md5
      md5: c7875b263449b08af77c4e48e0e3afca
      size: 2465
    - path: src/model/loss.py
      hash: md5
      md5: 1d57d3310a095a0d1f2d637b69dcfcb3
      size: 540
    - path: src/model/train.py
      hash: md5
      md5: ebe59dc9f15c16d45024f42a0b5bcd4b
      size: 4056
    outs:
    - path: models/default.pt
      hash: md5
      md5: 68bf5f930fec96953759674986330778
      size: 85981426
  contrastive-train:
    cmd: python -m src.model.train contrastive
    deps:
    - path: data/oxford-iiit-pet
      hash: md5
      md5: b2e5c7b30e71cc2adf71c663ba984a0f.dir
      size: 820951207
      nfiles: 25862
    - path: src/const.py
      hash: md5
      md5: ff763ad76b40d6ca6de5416c05b348b4
      size: 625
    - path: src/data/oxford_iiit_pet.py
      hash: md5
      md5: 4438abc00743c6c050ba284422442811
      size: 1784
    - path: src/model/arch.py
      hash: md5
      md5: c7875b263449b08af77c4e48e0e3afca
      size: 2465
    - path: src/model/loss.py
      hash: md5
      md5: f7b656c769a42258cf2cf7c8a33533c2
      size: 541
    - path: src/model/train.py
      hash: md5
      md5: ebe59dc9f15c16d45024f42a0b5bcd4b
      size: 4056
    outs:
    - path: models/contrastive.pt
      hash: md5
      md5: 42bfa894170b97c141dd7815ad3e4c55
      size: 85983106
  default-evaluate:
    cmd: python -m src.model.evaluate default
    deps:
    - path: data/oxford-iiit-pet
      hash: md5
      md5: b2e5c7b30e71cc2adf71c663ba984a0f.dir
      size: 820951207
      nfiles: 25862
    - path: models/default.pt
      hash: md5
      md5: 68bf5f930fec96953759674986330778
      size: 85981426
    - path: src/const.py
      hash: md5
      md5: ff763ad76b40d6ca6de5416c05b348b4
      size: 625
    - path: src/data/oxford_iiit_pet.py
      hash: md5
      md5: 4438abc00743c6c050ba284422442811
      size: 1784
    - path: src/model/arch.py
      hash: md5
      md5: c7875b263449b08af77c4e48e0e3afca
      size: 2465
    - path: src/model/evaluate.py
      hash: md5
      md5: e85aa4b5918972f31443e3b011a45e14
      size: 1292
    - path: src/model/train.py
      hash: md5
      md5: ebe59dc9f15c16d45024f42a0b5bcd4b
      size: 4056
    outs:
    - path: data/evals/default.png
      hash: md5
      md5: 4d51f990d2e03814b4f92f5334e6c38b
      size: 1648698
  contrastive-evaluate:
    cmd: python -m src.model.evaluate contrastive
    deps:
    - path: data/oxford-iiit-pet
      hash: md5
      md5: b2e5c7b30e71cc2adf71c663ba984a0f.dir
      size: 820951207
      nfiles: 25862
    - path: models/contrastive.pt
      hash: md5
      md5: 42bfa894170b97c141dd7815ad3e4c55
      size: 85983106
    - path: src/const.py
      hash: md5
      md5: ff763ad76b40d6ca6de5416c05b348b4
      size: 625
    - path: src/data/oxford_iiit_pet.py
      hash: md5
      md5: 4438abc00743c6c050ba284422442811
      size: 1784
    - path: src/model/arch.py
      hash: md5
      md5: c7875b263449b08af77c4e48e0e3afca
      size: 2465
    - path: src/model/evaluate.py
      hash: md5
      md5: e85aa4b5918972f31443e3b011a45e14
      size: 1292
    - path: src/model/train.py
      hash: md5
      md5: ebe59dc9f15c16d45024f42a0b5bcd4b
      size: 4056
    outs:
    - path: data/evals/contrastive.png
      hash: md5
      md5: 7447ff369e413dec0800f27a9b861c81
      size: 1691477
