schema: '2.0'
stages:
  default-train:
    cmd: python -m src.model.train default
    deps:
    - path: data/oxford-iiit-pet
      hash: md5
      md5: b2e5c7b30e71cc2adf71c663ba984a0f.dir
      size: 820951207
      nfiles: 25862
    - path: src/const.py
      hash: md5
      md5: 44abba89f4c991fa910ce4c568ef5bad
      size: 627
    - path: src/data/oxford_iiit_pet.py
      hash: md5
      md5: d50ac63e387ffbf9d1a7ef8a6b9e0a0f
      size: 1838
    - path: src/model/arch.py
      hash: md5
      md5: 286da07b98afaa7608406014c15101d3
      size: 2653
    - path: src/model/loss.py
      hash: md5
      md5: 9cf71f05d057e18ec207a255c314fec6
      size: 2475
    - path: src/model/train.py
      hash: md5
      md5: 6941e0fee2ee9b176ac79142b1e259bc
      size: 4103
    outs:
    - path: models/default.pt
      hash: md5
      md5: 0070acc2c4663520dc3cc8f64c26b287
      size: 85981426
  contrastive-train:
    cmd: python -m src.model.train contrastive
    deps:
    - path: data/oxford-iiit-pet
      hash: md5
      md5: b2e5c7b30e71cc2adf71c663ba984a0f.dir
      size: 820951207
      nfiles: 25862
    - path: src/const.py
      hash: md5
      md5: 44abba89f4c991fa910ce4c568ef5bad
      size: 627
    - path: src/data/oxford_iiit_pet.py
      hash: md5
      md5: d50ac63e387ffbf9d1a7ef8a6b9e0a0f
      size: 1838
    - path: src/model/arch.py
      hash: md5
      md5: 286da07b98afaa7608406014c15101d3
      size: 2653
    - path: src/model/loss.py
      hash: md5
      md5: 9cf71f05d057e18ec207a255c314fec6
      size: 2475
    - path: src/model/train.py
      hash: md5
      md5: 6941e0fee2ee9b176ac79142b1e259bc
      size: 4103
    outs:
    - path: models/contrastive.pt
      hash: md5
      md5: 373b2f4e0996397919e335c75ccf3cd7
      size: 85948406
  default-evaluate:
    cmd: python -m src.model.evaluate default
    deps:
    - path: data/oxford-iiit-pet
      hash: md5
      md5: b2e5c7b30e71cc2adf71c663ba984a0f.dir
      size: 820951207
      nfiles: 25862
    - path: models/default.pt
      hash: md5
      md5: 0070acc2c4663520dc3cc8f64c26b287
      size: 85981426
    - path: src/const.py
      hash: md5
      md5: 44abba89f4c991fa910ce4c568ef5bad
      size: 627
    - path: src/data/oxford_iiit_pet.py
      hash: md5
      md5: d50ac63e387ffbf9d1a7ef8a6b9e0a0f
      size: 1838
    - path: src/model/arch.py
      hash: md5
      md5: 286da07b98afaa7608406014c15101d3
      size: 2653
    - path: src/model/evaluate.py
      hash: md5
      md5: 9633c2b8144422f3fbe4693c8516b676
      size: 1528
    - path: src/model/train.py
      hash: md5
      md5: 6941e0fee2ee9b176ac79142b1e259bc
      size: 4103
    outs:
    - path: data/evals/default_cam.png
      hash: md5
      md5: efc31309074b98d47fcdc75345ed4cd5
      size: 1737604
  contrastive-evaluate:
    cmd: python -m src.model.evaluate contrastive
    deps:
    - path: data/oxford-iiit-pet
      hash: md5
      md5: b2e5c7b30e71cc2adf71c663ba984a0f.dir
      size: 820951207
      nfiles: 25862
    - path: models/contrastive.pt
      hash: md5
      md5: 373b2f4e0996397919e335c75ccf3cd7
      size: 85948406
    - path: src/const.py
      hash: md5
      md5: 44abba89f4c991fa910ce4c568ef5bad
      size: 627
    - path: src/data/oxford_iiit_pet.py
      hash: md5
      md5: d50ac63e387ffbf9d1a7ef8a6b9e0a0f
      size: 1838
    - path: src/model/arch.py
      hash: md5
      md5: 286da07b98afaa7608406014c15101d3
      size: 2653
    - path: src/model/evaluate.py
      hash: md5
      md5: 9633c2b8144422f3fbe4693c8516b676
      size: 1528
    - path: src/model/train.py
      hash: md5
      md5: 6941e0fee2ee9b176ac79142b1e259bc
      size: 4103
    outs:
    - path: data/evals/contrastive_cam.png
      hash: md5
      md5: bf26d311c565a3dbc54296c037d4b911
      size: 1671324
